
Microsoft Visual Studio Solution File, Format Version 12.00
# Visual Studio Version 17
VisualStudioVersion = 17.11.35303.130
MinimumVisualStudioVersion = 10.0.40219.1
Project("{9A19103F-16F7-4668-BE54-9A1E7A4F7556}") = "AspNetChat", "AspNetChat.csproj", "{E49B973C-4A5A-4EFE-A31F-3D760559873A}"
EndProject
Project("{FAE04EC0-301F-11D3-BF4B-00C04F79EFBC}") = "CertificateBuilder", "..\CertificateBuilder\CertificateBuilder.csproj", "{30C92947-3CF6-43A7-9966-F48671FDA3CD}"
EndProject
Project("{FAE04EC0-301F-11D3-BF4B-00C04F79EFBC}") = "Common", "..\Common\Common.csproj", "{DA1E8B12-BC47-4136-8398-9C8074798644}"
EndProject
Project("{FAE04EC0-301F-11D3-BF4B-00C04F79EFBC}") = "Mongo", "..\Mongo\Mongo.csproj", "{35775AB8-2A3A-46CC-8454-BDBF5D42D09A}"
EndProject
Project("{FAE04EC0-301F-11D3-BF4B-00C04F79EFBC}") = "Chat", "..\Chat\Chat.csproj", "{BB0E1412-8154-4130-949B-7FD1EB26DD78}"
EndProject
Global
	GlobalSection(SolutionConfigurationPlatforms) = preSolution
		Debug|Any CPU = Debug|Any CPU
		Release|Any CPU = Release|Any CPU
	EndGlobalSection
	GlobalSection(ProjectConfigurationPlatforms) = postSolution
		{E49B973C-4A5A-4EFE-A31F-3D760559873A}.Debug|Any CPU.ActiveCfg = Debug|Any CPU
		{E49B973C-4A5A-4EFE-A31F-3D760559873A}.Debug|Any CPU.Build.0 = Debug|Any CPU
		{E49B973C-4A5A-4EFE-A31F-3D760559873A}.Release|Any CPU.ActiveCfg = Release|Any CPU
		{E49B973C-4A5A-4EFE-A31F-3D760559873A}.Release|Any CPU.Build.0 = Release|Any CPU
		{30C92947-3CF6-43A7-9966-F48671FDA3CD}.Debug|Any CPU.ActiveCfg = Debug|Any CPU
		{30C92947-3CF6-43A7-9966-F48671FDA3CD}.Debug|Any CPU.Build.0 = Debug|Any CPU
		{30C92947-3CF6-43A7-9966-F48671FDA3CD}.Release|Any CPU.ActiveCfg = Release|Any CPU
		{30C92947-3CF6-43A7-9966-F48671FDA3CD}.Release|Any CPU.Build.0 = Release|Any CPU
		{DA1E8B12-BC47-4136-8398-9C8074798644}.Debug|Any CPU.ActiveCfg = Debug|Any CPU
		{DA1E8B12-BC47-4136-8398-9C8074798644}.Debug|Any CPU.Build.0 = Debug|Any CPU
		{DA1E8B12-BC47-4136-8398-9C8074798644}.Release|Any CPU.ActiveCfg = Release|Any CPU
		{DA1E8B12-BC47-4136-8398-9C8074798644}.Release|Any CPU.Build.0 = Release|Any CPU
		{35775AB8-2A3A-46CC-8454-BDBF5D42D09A}.Debug|Any CPU.ActiveCfg = Debug|Any CPU
		{35775AB8-2A3A-46CC-8454-BDBF5D42D09A}.Debug|Any CPU.Build.0 = Debug|Any CPU
		{35775AB8-2A3A-46CC-8454-BDBF5D42D09A}.Release|Any CPU.ActiveCfg = Release|Any CPU
		{35775AB8-2A3A-46CC-8454-BDBF5D42D09A}.Release|Any CPU.Build.0 = Release|Any CPU
		{BB0E1412-8154-4130-949B-7FD1EB26DD78}.Debug|Any CPU.ActiveCfg = Debug|Any CPU
		{BB0E1412-8154-4130-949B-7FD1EB26DD78}.Debug|Any CPU.Build.0 = Debug|Any CPU
		{BB0E1412-8154-4130-949B-7FD1EB26DD78}.Release|Any CPU.ActiveCfg = Release|Any CPU
		{BB0E1412-8154-4130-949B-7FD1EB26DD78}.Release|Any CPU.Build.0 = Release|Any CPU
	EndGlobalSection
	GlobalSection(SolutionProperties) = preSolution
		HideSolutionNode = FALSE
	EndGlobalSection
	GlobalSection(ExtensibilityGlobals) = postSolution
		SolutionGuid = {817A7C0B-ECBA-4D5A-9575-EA787CA15CEA}
	EndGlobalSection
EndGlobal
